
Microsoft Visual Studio Solution File, Format Version 12.00
# Visual Studio Version 16
VisualStudioVersion = 16.0.31025.194
MinimumVisualStudioVersion = 10.0.40219.1
Project("{FAE04EC0-301F-11D3-BF4B-00C04F79EFBC}") = "conserveitaliagestionecurriculum", "conserveitaliagestionecurriculum\conserveitaliagestionecurriculum.csproj", "{369F2994-ED6F-45B0-B4E7-534A5AEFC546}"
EndProject
Global
	GlobalSection(SolutionConfigurationPlatforms) = preSolution
		Debug|Any CPU = Debug|Any CPU
		Release|Any CPU = Release|Any CPU
	EndGlobalSection
	GlobalSection(ProjectConfigurationPlatforms) = postSolution
		{369F2994-ED6F-45B0-B4E7-534A5AEFC546}.Debug|Any CPU.ActiveCfg = Debug|Any CPU
		{369F2994-ED6F-45B0-B4E7-534A5AEFC546}.Debug|Any CPU.Build.0 = Debug|Any CPU
		{369F2994-ED6F-45B0-B4E7-534A5AEFC546}.Release|Any CPU.ActiveCfg = Release|Any CPU
		{369F2994-ED6F-45B0-B4E7-534A5AEFC546}.Release|Any CPU.Build.0 = Release|Any CPU
	EndGlobalSection
	GlobalSection(SolutionProperties) = preSolution
		HideSolutionNode = FALSE
	EndGlobalSection
	GlobalSection(ExtensibilityGlobals) = postSolution
		SolutionGuid = {6FE4BD92-13D3-4AF7-B52C-E0477B7A34CC}
	EndGlobalSection
EndGlobal
